
Microsoft Visual Studio Solution File, Format Version 12.00
Project("{FAE04EC0-301F-11D3-BF4B-00C04F79EFBC}") = "AttribDoc", "AttribDoc\AttribDoc.csproj", "{60C6369C-3C62-46FD-A7DC-3C6E857D1EF0}"
EndProject
Global
	GlobalSection(SolutionConfigurationPlatforms) = preSolution
		Debug|Any CPU = Debug|Any CPU
		Release|Any CPU = Release|Any CPU
	EndGlobalSection
	GlobalSection(ProjectConfigurationPlatforms) = postSolution
		{60C6369C-3C62-46FD-A7DC-3C6E857D1EF0}.Debug|Any CPU.ActiveCfg = Debug|Any CPU
		{60C6369C-3C62-46FD-A7DC-3C6E857D1EF0}.Debug|Any CPU.Build.0 = Debug|Any CPU
		{60C6369C-3C62-46FD-A7DC-3C6E857D1EF0}.Release|Any CPU.ActiveCfg = Release|Any CPU
		{60C6369C-3C62-46FD-A7DC-3C6E857D1EF0}.Release|Any CPU.Build.0 = Release|Any CPU
	EndGlobalSection
EndGlobal
